
Microsoft Visual Studio Solution File, Format Version 12.00
# Visual Studio Version 16
VisualStudioVersion = 16.0.30204.135
MinimumVisualStudioVersion = 10.0.40219.1
Project("{FAE04EC0-301F-11D3-BF4B-00C04F79EFBC}") = "fill-form", "fill-form\fill-form.csproj", "{F6B8F8E4-8703-4896-A7AE-7E3044D699DF}"
EndProject
Global
	GlobalSection(SolutionConfigurationPlatforms) = preSolution
		Debug|Any CPU = Debug|Any CPU
		Release|Any CPU = Release|Any CPU
	EndGlobalSection
	GlobalSection(ProjectConfigurationPlatforms) = postSolution
		{F6B8F8E4-8703-4896-A7AE-7E3044D699DF}.Debug|Any CPU.ActiveCfg = Debug|Any CPU
		{F6B8F8E4-8703-4896-A7AE-7E3044D699DF}.Debug|Any CPU.Build.0 = Debug|Any CPU
		{F6B8F8E4-8703-4896-A7AE-7E3044D699DF}.Release|Any CPU.ActiveCfg = Release|Any CPU
		{F6B8F8E4-8703-4896-A7AE-7E3044D699DF}.Release|Any CPU.Build.0 = Release|Any CPU
	EndGlobalSection
	GlobalSection(SolutionProperties) = preSolution
		HideSolutionNode = FALSE
	EndGlobalSection
	GlobalSection(ExtensibilityGlobals) = postSolution
		SolutionGuid = {18D5F20C-41F5-45B9-81A7-7AAC9973BAF2}
	EndGlobalSection
EndGlobal
